
Microsoft Visual Studio Solution File, Format Version 12.00
# Visual Studio Version 16
VisualStudioVersion = 16.0.30907.101
MinimumVisualStudioVersion = 10.0.40219.1
Project("{FAE04EC0-301F-11D3-BF4B-00C04F79EFBC}") = "BlazorDataScienceAdrian", "BlazorDataScienceAdrian\BlazorDataScienceAdrian.csproj", "{91F10066-D0FB-45E2-9F14-BFDBF8ADB98F}"
EndProject
Global
	GlobalSection(SolutionConfigurationPlatforms) = preSolution
		Debug|Any CPU = Debug|Any CPU
		Release|Any CPU = Release|Any CPU
	EndGlobalSection
	GlobalSection(ProjectConfigurationPlatforms) = postSolution
		{91F10066-D0FB-45E2-9F14-BFDBF8ADB98F}.Debug|Any CPU.ActiveCfg = Debug|Any CPU
		{91F10066-D0FB-45E2-9F14-BFDBF8ADB98F}.Debug|Any CPU.Build.0 = Debug|Any CPU
		{91F10066-D0FB-45E2-9F14-BFDBF8ADB98F}.Release|Any CPU.ActiveCfg = Release|Any CPU
		{91F10066-D0FB-45E2-9F14-BFDBF8ADB98F}.Release|Any CPU.Build.0 = Release|Any CPU
	EndGlobalSection
	GlobalSection(SolutionProperties) = preSolution
		HideSolutionNode = FALSE
	EndGlobalSection
	GlobalSection(ExtensibilityGlobals) = postSolution
		SolutionGuid = {AEFCF9EF-83FA-4E9E-8FFF-8FF309A305CE}
	EndGlobalSection
EndGlobal
